
Microsoft Visual Studio Solution File, Format Version 12.00
# Visual Studio Version 17
VisualStudioVersion = 17.11.35222.181
MinimumVisualStudioVersion = 10.0.40219.1
Project("{FAE04EC0-301F-11D3-BF4B-00C04F79EFBC}") = "Host", "Ahorcado\Host.csproj", "{767C898E-38E4-4D38-9442-C2D63E8F9BE8}"
EndProject
Project("{FAE04EC0-301F-11D3-BF4B-00C04F79EFBC}") = "Services", "AhorcadoServices\Services.csproj", "{923CC74B-0BCE-4B76-ACAE-F53B9B84FF0B}"
EndProject
Project("{FAE04EC0-301F-11D3-BF4B-00C04F79EFBC}") = "Model", "Model\Model.csproj", "{D71A217A-4F1D-4A33-935E-60C8620B92E3}"
EndProject
Project("{FAE04EC0-301F-11D3-BF4B-00C04F79EFBC}") = "GameServices", "CallbackServices\GameServices.csproj", "{75478F6A-F251-4B69-AABD-1FBC7692D7D2}"
EndProject
Global
	GlobalSection(SolutionConfigurationPlatforms) = preSolution
		Debug|Any CPU = Debug|Any CPU
		Release|Any CPU = Release|Any CPU
	EndGlobalSection
	GlobalSection(ProjectConfigurationPlatforms) = postSolution
		{767C898E-38E4-4D38-9442-C2D63E8F9BE8}.Debug|Any CPU.ActiveCfg = Debug|Any CPU
		{767C898E-38E4-4D38-9442-C2D63E8F9BE8}.Debug|Any CPU.Build.0 = Debug|Any CPU
		{767C898E-38E4-4D38-9442-C2D63E8F9BE8}.Release|Any CPU.ActiveCfg = Release|Any CPU
		{767C898E-38E4-4D38-9442-C2D63E8F9BE8}.Release|Any CPU.Build.0 = Release|Any CPU
		{923CC74B-0BCE-4B76-ACAE-F53B9B84FF0B}.Debug|Any CPU.ActiveCfg = Debug|Any CPU
		{923CC74B-0BCE-4B76-ACAE-F53B9B84FF0B}.Debug|Any CPU.Build.0 = Debug|Any CPU
		{923CC74B-0BCE-4B76-ACAE-F53B9B84FF0B}.Release|Any CPU.ActiveCfg = Release|Any CPU
		{923CC74B-0BCE-4B76-ACAE-F53B9B84FF0B}.Release|Any CPU.Build.0 = Release|Any CPU
		{D71A217A-4F1D-4A33-935E-60C8620B92E3}.Debug|Any CPU.ActiveCfg = Debug|Any CPU
		{D71A217A-4F1D-4A33-935E-60C8620B92E3}.Debug|Any CPU.Build.0 = Debug|Any CPU
		{D71A217A-4F1D-4A33-935E-60C8620B92E3}.Release|Any CPU.ActiveCfg = Release|Any CPU
		{D71A217A-4F1D-4A33-935E-60C8620B92E3}.Release|Any CPU.Build.0 = Release|Any CPU
		{75478F6A-F251-4B69-AABD-1FBC7692D7D2}.Debug|Any CPU.ActiveCfg = Debug|Any CPU
		{75478F6A-F251-4B69-AABD-1FBC7692D7D2}.Debug|Any CPU.Build.0 = Debug|Any CPU
		{75478F6A-F251-4B69-AABD-1FBC7692D7D2}.Release|Any CPU.ActiveCfg = Release|Any CPU
		{75478F6A-F251-4B69-AABD-1FBC7692D7D2}.Release|Any CPU.Build.0 = Release|Any CPU
	EndGlobalSection
	GlobalSection(SolutionProperties) = preSolution
		HideSolutionNode = FALSE
	EndGlobalSection
	GlobalSection(ExtensibilityGlobals) = postSolution
		SolutionGuid = {42AA3B5A-D686-48AE-8388-37610232D274}
	EndGlobalSection
EndGlobal
